
Microsoft Visual Studio Solution File, Format Version 12.00
# Visual Studio Version 17
VisualStudioVersion = 17.14.36327.8 d17.14
MinimumVisualStudioVersion = 10.0.40219.1
Project("{FAE04EC0-301F-11D3-BF4B-00C04F79EFBC}") = "FritosCallouts", "FritosCallouts\FritosCallouts.csproj", "{F5C57531-F3B9-438B-BBCE-4311E4822807}"
EndProject
Project("{2150E333-8FDC-42A3-9474-1A3956D46DE8}") = "References", "References", "{02EA681E-C7D8-13C7-8484-4AC65E1B71E8}"
	ProjectSection(SolutionItems) = preProject
		..\..\..\Downloads\CalloutInterfaceAPI.dll = ..\..\..\Downloads\CalloutInterfaceAPI.dll
		..\..\..\Downloads\LSPD First Response.dll = ..\..\..\Downloads\LSPD First Response.dll
		..\..\..\Downloads\RagePluginHookSDK.dll = ..\..\..\Downloads\RagePluginHookSDK.dll
		..\..\..\Downloads\StopThePed.dll = ..\..\..\Downloads\StopThePed.dll
	EndProjectSection
EndProject
Global
	GlobalSection(SolutionConfigurationPlatforms) = preSolution
		Debug|Any CPU = Debug|Any CPU
		Release|Any CPU = Release|Any CPU
	EndGlobalSection
	GlobalSection(ProjectConfigurationPlatforms) = postSolution
		{F5C57531-F3B9-438B-BBCE-4311E4822807}.Debug|Any CPU.ActiveCfg = Debug|Any CPU
		{F5C57531-F3B9-438B-BBCE-4311E4822807}.Debug|Any CPU.Build.0 = Debug|Any CPU
		{F5C57531-F3B9-438B-BBCE-4311E4822807}.Release|Any CPU.ActiveCfg = Release|Any CPU
		{F5C57531-F3B9-438B-BBCE-4311E4822807}.Release|Any CPU.Build.0 = Release|Any CPU
	EndGlobalSection
	GlobalSection(SolutionProperties) = preSolution
		HideSolutionNode = FALSE
	EndGlobalSection
	GlobalSection(ExtensibilityGlobals) = postSolution
		SolutionGuid = {13FC73BE-CA16-4733-9966-FC70247A24CA}
	EndGlobalSection
EndGlobal
